
Microsoft Visual Studio Solution File, Format Version 12.00
# Visual Studio Version 17
VisualStudioVersion = 17.7.34031.279
MinimumVisualStudioVersion = 10.0.40219.1
Project("{9A19103F-16F7-4668-BE54-9A1E7A4F7556}") = "Workers", "Workers\Workers.csproj", "{95C8BB06-EDA2-406F-A88C-312A207B3386}"
	ProjectSection(ProjectDependencies) = postProject
		{342D9A1A-1087-45F5-A33A-B337B46D63CC} = {342D9A1A-1087-45F5-A33A-B337B46D63CC}
	EndProjectSection
EndProject
Project("{2150E333-8FDC-42A3-9474-1A3956D46DE8}") = "DataLayer", "DataLayer", "{0BE8B4D6-C04F-45A9-912B-EE98138AFD04}"
EndProject
Project("{9A19103F-16F7-4668-BE54-9A1E7A4F7556}") = "Workers.DataLayer", "Workers.DataLayer\Workers.DataLayer.csproj", "{9CD7B4EE-1FF8-46A1-955F-8E693602D5BB}"
EndProject
Project("{2150E333-8FDC-42A3-9474-1A3956D46DE8}") = "BusinessLayer", "BusinessLayer", "{C431D672-F736-4E97-9C91-08D5DCC11608}"
EndProject
Project("{9A19103F-16F7-4668-BE54-9A1E7A4F7556}") = "Workers.Domain", "Workers.Domain\Workers.Domain.csproj", "{342D9A1A-1087-45F5-A33A-B337B46D63CC}"
EndProject
Project("{9A19103F-16F7-4668-BE54-9A1E7A4F7556}") = "Workers.Service", "Workers.Service\Workers.Service.csproj", "{B3B5F65F-AC54-45F1-B4F0-B61F158377D0}"
EndProject
Global
	GlobalSection(SolutionConfigurationPlatforms) = preSolution
		Debug|Any CPU = Debug|Any CPU
		Release|Any CPU = Release|Any CPU
	EndGlobalSection
	GlobalSection(ProjectConfigurationPlatforms) = postSolution
		{95C8BB06-EDA2-406F-A88C-312A207B3386}.Debug|Any CPU.ActiveCfg = Debug|Any CPU
		{95C8BB06-EDA2-406F-A88C-312A207B3386}.Debug|Any CPU.Build.0 = Debug|Any CPU
		{95C8BB06-EDA2-406F-A88C-312A207B3386}.Release|Any CPU.ActiveCfg = Release|Any CPU
		{95C8BB06-EDA2-406F-A88C-312A207B3386}.Release|Any CPU.Build.0 = Release|Any CPU
		{9CD7B4EE-1FF8-46A1-955F-8E693602D5BB}.Debug|Any CPU.ActiveCfg = Debug|Any CPU
		{9CD7B4EE-1FF8-46A1-955F-8E693602D5BB}.Debug|Any CPU.Build.0 = Debug|Any CPU
		{9CD7B4EE-1FF8-46A1-955F-8E693602D5BB}.Release|Any CPU.ActiveCfg = Release|Any CPU
		{9CD7B4EE-1FF8-46A1-955F-8E693602D5BB}.Release|Any CPU.Build.0 = Release|Any CPU
		{342D9A1A-1087-45F5-A33A-B337B46D63CC}.Debug|Any CPU.ActiveCfg = Debug|Any CPU
		{342D9A1A-1087-45F5-A33A-B337B46D63CC}.Debug|Any CPU.Build.0 = Debug|Any CPU
		{342D9A1A-1087-45F5-A33A-B337B46D63CC}.Release|Any CPU.ActiveCfg = Release|Any CPU
		{342D9A1A-1087-45F5-A33A-B337B46D63CC}.Release|Any CPU.Build.0 = Release|Any CPU
		{B3B5F65F-AC54-45F1-B4F0-B61F158377D0}.Debug|Any CPU.ActiveCfg = Debug|Any CPU
		{B3B5F65F-AC54-45F1-B4F0-B61F158377D0}.Debug|Any CPU.Build.0 = Debug|Any CPU
		{B3B5F65F-AC54-45F1-B4F0-B61F158377D0}.Release|Any CPU.ActiveCfg = Release|Any CPU
		{B3B5F65F-AC54-45F1-B4F0-B61F158377D0}.Release|Any CPU.Build.0 = Release|Any CPU
	EndGlobalSection
	GlobalSection(SolutionProperties) = preSolution
		HideSolutionNode = FALSE
	EndGlobalSection
	GlobalSection(NestedProjects) = preSolution
		{9CD7B4EE-1FF8-46A1-955F-8E693602D5BB} = {0BE8B4D6-C04F-45A9-912B-EE98138AFD04}
		{342D9A1A-1087-45F5-A33A-B337B46D63CC} = {C431D672-F736-4E97-9C91-08D5DCC11608}
		{B3B5F65F-AC54-45F1-B4F0-B61F158377D0} = {C431D672-F736-4E97-9C91-08D5DCC11608}
	EndGlobalSection
	GlobalSection(ExtensibilityGlobals) = postSolution
		SolutionGuid = {B43D098C-C785-4CB6-9D97-C9D658D35D4D}
	EndGlobalSection
EndGlobal
